// !$*UTF8*$!
{
	archiveVersion = 1;
	classes = {
	};
	objectVersion = 56;
	objects = {

/* Begin PBXBuildFile section */
		352B740D2A26438500F87405 /* AppDelegate.swift in Sources */ = {isa = PBXBuildFile; fileRef = 352B740C2A26438500F87405 /* AppDelegate.swift */; };
		352B740F2A26438500F87405 /* SceneDelegate.swift in Sources */ = {isa = PBXBuildFile; fileRef = 352B740E2A26438500F87405 /* SceneDelegate.swift */; };
		352B74112A26438500F87405 /* ViewController.swift in Sources */ = {isa = PBXBuildFile; fileRef = 352B74102A26438500F87405 /* ViewController.swift */; };
		352B74142A26438500F87405 /* Main.storyboard in Resources */ = {isa = PBXBuildFile; fileRef = 352B74122A26438500F87405 /* Main.storyboard */; };
		352B74162A26438600F87405 /* Assets.xcassets in Resources */ = {isa = PBXBuildFile; fileRef = 352B74152A26438600F87405 /* Assets.xcassets */; };
		352B74192A26438600F87405 /* LaunchScreen.storyboard in Resources */ = {isa = PBXBuildFile; fileRef = 352B74172A26438600F87405 /* LaunchScreen.storyboard */; };
		352B74242A26438600F87405 /* ProjectOneTests.swift in Sources */ = {isa = PBXBuildFile; fileRef = 352B74232A26438600F87405 /* ProjectOneTests.swift */; };
		352B742E2A26438600F87405 /* ProjectOneUITests.swift in Sources */ = {isa = PBXBuildFile; fileRef = 352B742D2A26438600F87405 /* ProjectOneUITests.swift */; };
		352B74302A26438600F87405 /* ProjectOneUITestsLaunchTests.swift in Sources */ = {isa = PBXBuildFile; fileRef = 352B742F2A26438600F87405 /* ProjectOneUITestsLaunchTests.swift */; };
/* End PBXBuildFile section */

/* Begin PBXContainerItemProxy section */
		352B74202A26438600F87405 /* PBXContainerItemProxy */ = {
			isa = PBXContainerItemProxy;
			containerPortal = 352B74012A26438500F87405 /* Project object */;
			proxyType = 1;
			remoteGlobalIDString = 352B74082A26438500F87405;
			remoteInfo = ProjectOne;
		};
		352B742A2A26438600F87405 /* PBXContainerItemProxy */ = {
			isa = PBXContainerItemProxy;
			containerPortal = 352B74012A26438500F87405 /* Project object */;
			proxyType = 1;
			remoteGlobalIDString = 352B74082A26438500F87405;
			remoteInfo = ProjectOne;
		};
/* End PBXContainerItemProxy section */

/* Begin PBXFileReference section */
		352B74092A26438500F87405 /* ProjectOne.app */ = {isa = PBXFileReference; explicitFileType = wrapper.application; includeInIndex = 0; path = ProjectOne.app; sourceTree = BUILT_PRODUCTS_DIR; };
		352B740C2A26438500F87405 /* AppDelegate.swift */ = {isa = PBXFileReference; lastKnownFileType = sourcecode.swift; path = AppDelegate.swift; sourceTree = "<group>"; };
		352B740E2A26438500F87405 /* SceneDelegate.swift */ = {isa = PBXFileReference; lastKnownFileType = sourcecode.swift; path = SceneDelegate.swift; sourceTree = "<group>"; };
		352B74102A26438500F87405 /* ViewController.swift */ = {isa = PBXFileReference; lastKnownFileType = sourcecode.swift; path = ViewController.swift; sourceTree = "<group>"; };
		352B74132A26438500F87405 /* Base */ = {isa = PBXFileReference; lastKnownFileType = file.storyboard; name = Base; path = Base.lproj/Main.storyboard; sourceTree = "<group>"; };
		352B74152A26438600F87405 /* Assets.xcassets */ = {isa = PBXFileReference; lastKnownFileType = folder.assetcatalog; path = Assets.xcassets; sourceTree = "<group>"; };
		352B74182A26438600F87405 /* Base */ = {isa = PBXFileReference; lastKnownFileType = file.storyboard; name = Base; path = Base.lproj/LaunchScreen.storyboard; sourceTree = "<group>"; };
		352B741A2A26438600F87405 /* Info.plist */ = {isa = PBXFileReference; lastKnownFileType = text.plist.xml; path = Info.plist; sourceTree = "<group>"; };
		352B741F2A26438600F87405 /* ProjectOneTests.xctest */ = {isa = PBXFileReference; explicitFileType = wrapper.cfbundle; includeInIndex = 0; path = ProjectOneTests.xctest; sourceTree = BUILT_PRODUCTS_DIR; };
		352B74232A26438600F87405 /* ProjectOneTests.swift */ = {isa = PBXFileReference; lastKnownFileType = sourcecode.swift; path = ProjectOneTests.swift; sourceTree = "<group>"; };
		352B74292A26438600F87405 /* ProjectOneUITests.xctest */ = {isa = PBXFileReference; explicitFileType = wrapper.cfbundle; includeInIndex = 0; path = ProjectOneUITests.xctest; sourceTree = BUILT_PRODUCTS_DIR; };
		352B742D2A26438600F87405 /* ProjectOneUITests.swift */ = {isa = PBXFileReference; lastKnownFileType = sourcecode.swift; path = ProjectOneUITests.swift; sourceTree = "<group>"; };
		352B742F2A26438600F87405 /* ProjectOneUITestsLaunchTests.swift */ = {isa = PBXFileReference; lastKnownFileType = sourcecode.swift; path = ProjectOneUITestsLaunchTests.swift; sourceTree = "<group>"; };
/* End PBXFileReference section */

/* Begin PBXFrameworksBuildPhase section */
		352B74062A26438500F87405 /* Frameworks */ = {
			isa = PBXFrameworksBuildPhase;
			buildActionMask = 2147483647;
			files = (
			);
			runOnlyForDeploymentPostprocessing = 0;
		};
		352B741C2A26438600F87405 /* Frameworks */ = {
			isa = PBXFrameworksBuildPhase;
			buildActionMask = 2147483647;
			files = (
			);
			runOnlyForDeploymentPostprocessing = 0;
		};
		352B74262A26438600F87405 /* Frameworks */ = {
			isa = PBXFrameworksBuildPhase;
			buildActionMask = 2147483647;
			files = (
			);
			runOnlyForDeploymentPostprocessing = 0;
		};
/* End PBXFrameworksBuildPhase section */

/* Begin PBXGroup section */
		352B74002A26438500F87405 = {
			isa = PBXGroup;
			children = (
				352B740B2A26438500F87405 /* ProjectOne */,
				352B74222A26438600F87405 /* ProjectOneTests */,
				352B742C2A26438600F87405 /* ProjectOneUITests */,
				352B740A2A26438500F87405 /* Products */,
			);
			sourceTree = "<group>";
		};
		352B740A2A26438500F87405 /* Products */ = {
			isa = PBXGroup;
			children = (
				352B74092A26438500F87405 /* ProjectOne.app */,
				352B741F2A26438600F87405 /* ProjectOneTests.xctest */,
				352B74292A26438600F87405 /* ProjectOneUITests.xctest */,
			);
			name = Products;
			sourceTree = "<group>";
		};
		352B740B2A26438500F87405 /* ProjectOne */ = {
			isa = PBXGroup;
			children = (
				352B740C2A26438500F87405 /* AppDelegate.swift */,
				352B740E2A26438500F87405 /* SceneDelegate.swift */,
				352B74102A26438500F87405 /* ViewController.swift */,
				352B74122A26438500F87405 /* Main.storyboard */,
				352B74152A26438600F87405 /* Assets.xcassets */,
				352B74172A26438600F87405 /* LaunchScreen.storyboard */,
				352B741A2A26438600F87405 /* Info.plist */,
			);
			path = ProjectOne;
			sourceTree = "<group>";
		};
		352B74222A26438600F87405 /* ProjectOneTests */ = {
			isa = PBXGroup;
			children = (
				352B74232A26438600F87405 /* ProjectOneTests.swift */,
			);
			path = ProjectOneTests;
			sourceTree = "<group>";
		};
		352B742C2A26438600F87405 /* ProjectOneUITests */ = {
			isa = PBXGroup;
			children = (
				352B742D2A26438600F87405 /* ProjectOneUITests.swift */,
				352B742F2A26438600F87405 /* ProjectOneUITestsLaunchTests.swift */,
			);
			path = ProjectOneUITests;
			sourceTree = "<group>";
		};
/* End PBXGroup section */

/* Begin PBXNativeTarget section */
		352B74082A26438500F87405 /* ProjectOne */ = {
			isa = PBXNativeTarget;
			buildConfigurationList = 352B74332A26438600F87405 /* Build configuration list for PBXNativeTarget "ProjectOne" */;
			buildPhases = (
				352B74052A26438500F87405 /* Sources */,
				352B74062A26438500F87405 /* Frameworks */,
				352B74072A26438500F87405 /* Resources */,
			);
			buildRules = (
			);
			dependencies = (
			);
			name = ProjectOne;
			productName = ProjectOne;
			productReference = 352B74092A26438500F87405 /* ProjectOne.app */;
			productType = "com.apple.product-type.application";
		};
		352B741E2A26438600F87405 /* ProjectOneTests */ = {
			isa = PBXNativeTarget;
			buildConfigurationList = 352B74362A26438600F87405 /* Build configuration list for PBXNativeTarget "ProjectOneTests" */;
			buildPhases = (
				352B741B2A26438600F87405 /* Sources */,
				352B741C2A26438600F87405 /* Frameworks */,
				352B741D2A26438600F87405 /* Resources */,
			);
			buildRules = (
			);
			dependencies = (
				352B74212A26438600F87405 /* PBXTargetDependency */,
			);
			name = ProjectOneTests;
			productName = ProjectOneTests;
			productReference = 352B741F2A26438600F87405 /* ProjectOneTests.xctest */;
			productType = "com.apple.product-type.bundle.unit-test";
		};
		352B74282A26438600F87405 /* ProjectOneUITests */ = {
			isa = PBXNativeTarget;
			buildConfigurationList = 352B74392A26438600F87405 /* Build configuration list for PBXNativeTarget "ProjectOneUITests" */;
			buildPhases = (
				352B74252A26438600F87405 /* Sources */,
				352B74262A26438600F87405 /* Frameworks */,
				352B74272A26438600F87405 /* Resources */,
			);
			buildRules = (
			);
			dependencies = (
				352B742B2A26438600F87405 /* PBXTargetDependency */,
			);
			name = ProjectOneUITests;
			productName = ProjectOneUITests;
			productReference = 352B74292A26438600F87405 /* ProjectOneUITests.xctest */;
			productType = "com.apple.product-type.bundle.ui-testing";
		};
/* End PBXNativeTarget section */

/* Begin PBXProject section */
		352B74012A26438500F87405 /* Project object */ = {
			isa = PBXProject;
			attributes = {
				BuildIndependentTargetsInParallel = 1;
				LastSwiftUpdateCheck = 1430;
				LastUpgradeCheck = 1430;
				TargetAttributes = {
					352B74082A26438500F87405 = {
						CreatedOnToolsVersion = 14.3;
					};
					352B741E2A26438600F87405 = {
						CreatedOnToolsVersion = 14.3;
						TestTargetID = 352B74082A26438500F87405;
					};
					352B74282A26438600F87405 = {
						CreatedOnToolsVersion = 14.3;
						TestTargetID = 352B74082A26438500F87405;
					};
				};
			};
			buildConfigurationList = 352B74042A26438500F87405 /* Build configuration list for PBXProject "ProjectOne" */;
			compatibilityVersion = "Xcode 14.0";
			developmentRegion = en;
			hasScannedForEncodings = 0;
			knownRegions = (
				en,
				Base,
			);
			mainGroup = 352B74002A26438500F87405;
			productRefGroup = 352B740A2A26438500F87405 /* Products */;
			projectDirPath = "";
			projectRoot = "";
			targets = (
				352B74082A26438500F87405 /* ProjectOne */,
				352B741E2A26438600F87405 /* ProjectOneTests */,
				352B74282A26438600F87405 /* ProjectOneUITests */,
			);
		};
/* End PBXProject section */

/* Begin PBXResourcesBuildPhase section */
		352B74072A26438500F87405 /* Resources */ = {
			isa = PBXResourcesBuildPhase;
			buildActionMask = 2147483647;
			files = (
				352B74192A26438600F87405 /* LaunchScreen.storyboard in Resources */,
				352B74162A26438600F87405 /* Assets.xcassets in Resources */,
				352B74142A26438500F87405 /* Main.storyboard in Resources */,
			);
			runOnlyForDeploymentPostprocessing = 0;
		};
		352B741D2A26438600F87405 /* Resources */ = {
			isa = PBXResourcesBuildPhase;
			buildActionMask = 2147483647;
			files = (
			);
			runOnlyForDeploymentPostprocessing = 0;
		};
		352B74272A26438600F87405 /* Resources */ = {
			isa = PBXResourcesBuildPhase;
			buildActionMask = 2147483647;
			files = (
			);
			runOnlyForDeploymentPostprocessing = 0;
		};
/* End PBXResourcesBuildPhase section */

/* Begin PBXSourcesBuildPhase section */
		352B74052A26438500F87405 /* Sources */ = {
			isa = PBXSourcesBuildPhase;
			buildActionMask = 2147483647;
			files = (
				352B74112A26438500F87405 /* ViewController.swift in Sources */,
				352B740D2A26438500F87405 /* AppDelegate.swift in Sources */,
				352B740F2A26438500F87405 /* SceneDelegate.swift in Sources */,
			);
			runOnlyForDeploymentPostprocessing = 0;
		};
		352B741B2A26438600F87405 /* Sources */ = {
			isa = PBXSourcesBuildPhase;
			buildActionMask = 2147483647;
			files = (
				352B74242A26438600F87405 /* ProjectOneTests.swift in Sources */,
			);
			runOnlyForDeploymentPostprocessing = 0;
		};
		352B74252A26438600F87405 /* Sources */ = {
			isa = PBXSourcesBuildPhase;
			buildActionMask = 2147483647;
			files = (
				352B742E2A26438600F87405 /* ProjectOneUITests.swift in Sources */,
				352B74302A26438600F87405 /* ProjectOneUITestsLaunchTests.swift in Sources */,
			);
			runOnlyForDeploymentPostprocessing = 0;
		};
/* End PBXSourcesBuildPhase section */

/* Begin PBXTargetDependency section */
		352B74212A26438600F87405 /* PBXTargetDependency */ = {
			isa = PBXTargetDependency;
			target = 352B74082A26438500F87405 /* ProjectOne */;
			targetProxy = 352B74202A26438600F87405 /* PBXContainerItemProxy */;
		};
		352B742B2A26438600F87405 /* PBXTargetDependency */ = {
			isa = PBXTargetDependency;
			target = 352B74082A26438500F87405 /* ProjectOne */;
			targetProxy = 352B742A2A26438600F87405 /* PBXContainerItemProxy */;
		};
/* End PBXTargetDependency section */

/* Begin PBXVariantGroup section */
		352B74122A26438500F87405 /* Main.storyboard */ = {
			isa = PBXVariantGroup;
			children = (
				352B74132A26438500F87405 /* Base */,
			);
			name = Main.storyboard;
			sourceTree = "<group>";
		};
		352B74172A26438600F87405 /* LaunchScreen.storyboard */ = {
			isa = PBXVariantGroup;
			children = (
				352B74182A26438600F87405 /* Base */,
			);
			name = LaunchScreen.storyboard;
			sourceTree = "<group>";
		};
/* End PBXVariantGroup section */

/* Begin XCBuildConfiguration section */
		352B74312A26438600F87405 /* Debug */ = {
			isa = XCBuildConfiguration;
			buildSettings = {
				ALWAYS_SEARCH_USER_PATHS = NO;
				CLANG_ANALYZER_NONNULL = YES;
				CLANG_ANALYZER_NUMBER_OBJECT_CONVERSION = YES_AGGRESSIVE;
				CLANG_CXX_LANGUAGE_STANDARD = "gnu++20";
				CLANG_ENABLE_MODULES = YES;
				CLANG_ENABLE_OBJC_ARC = YES;
				CLANG_ENABLE_OBJC_WEAK = YES;
				CLANG_WARN_BLOCK_CAPTURE_AUTORELEASING = YES;
				CLANG_WARN_BOOL_CONVERSION = YES;
				CLANG_WARN_COMMA = YES;
				CLANG_WARN_CONSTANT_CONVERSION = YES;
				CLANG_WARN_DEPRECATED_OBJC_IMPLEMENTATIONS = YES;
				CLANG_WARN_DIRECT_OBJC_ISA_USAGE = YES_ERROR;
				CLANG_WARN_DOCUMENTATION_COMMENTS = YES;
				CLANG_WARN_EMPTY_BODY = YES;
				CLANG_WARN_ENUM_CONVERSION = YES;
				CLANG_WARN_INFINITE_RECURSION = YES;
				CLANG_WARN_INT_CONVERSION = YES;
				CLANG_WARN_NON_LITERAL_NULL_CONVERSION = YES;
				CLANG_WARN_OBJC_IMPLICIT_RETAIN_SELF = YES;
				CLANG_WARN_OBJC_LITERAL_CONVERSION = YES;
				CLANG_WARN_OBJC_ROOT_CLASS = YES_ERROR;
				CLANG_WARN_QUOTED_INCLUDE_IN_FRAMEWORK_HEADER = YES;
				CLANG_WARN_RANGE_LOOP_ANALYSIS = YES;
				CLANG_WARN_STRICT_PROTOTYPES = YES;
				CLANG_WARN_SUSPICIOUS_MOVE = YES;
				CLANG_WARN_UNGUARDED_AVAILABILITY = YES_AGGRESSIVE;
				CLANG_WARN_UNREACHABLE_CODE = YES;
				CLANG_WARN__DUPLICATE_METHOD_MATCH = YES;
				COPY_PHASE_STRIP = NO;
				DEBUG_INFORMATION_FORMAT = dwarf;
				ENABLE_STRICT_OBJC_MSGSEND = YES;
				ENABLE_TESTABILITY = YES;
				GCC_C_LANGUAGE_STANDARD = gnu11;
				GCC_DYNAMIC_NO_PIC = NO;
				GCC_NO_COMMON_BLOCKS = YES;
				GCC_OPTIMIZATION_LEVEL = 0;
				GCC_PREPROCESSOR_DEFINITIONS = (
					"DEBUG=1",
					"$(inherited)",
				);
				GCC_WARN_64_TO_32_BIT_CONVERSION = YES;
				GCC_WARN_ABOUT_RETURN_TYPE = YES_ERROR;
				GCC_WARN_UNDECLARED_SELECTOR = YES;
				GCC_WARN_UNINITIALIZED_AUTOS = YES_AGGRESSIVE;
				GCC_WARN_UNUSED_FUNCTION = YES;
				GCC_WARN_UNUSED_VARIABLE = YES;
				IPHONEOS_DEPLOYMENT_TARGET = 16.4;
				MTL_ENABLE_DEBUG_INFO = INCLUDE_SOURCE;
				MTL_FAST_MATH = YES;
				ONLY_ACTIVE_ARCH = YES;
				SDKROOT = iphoneos;
				SWIFT_ACTIVE_COMPILATION_CONDITIONS = DEBUG;
				SWIFT_OPTIMIZATION_LEVEL = "-Onone";
			};
			name = Debug;
		};
		352B74322A26438600F87405 /* Release */ = {
			isa = XCBuildConfiguration;
			buildSettings = {
				ALWAYS_SEARCH_USER_PATHS = NO;
				CLANG_ANALYZER_NONNULL = YES;
				CLANG_ANALYZER_NUMBER_OBJECT_CONVERSION = YES_AGGRESSIVE;
				CLANG_CXX_LANGUAGE_STANDARD = "gnu++20";
				CLANG_ENABLE_MODULES = YES;
				CLANG_ENABLE_OBJC_ARC = YES;
				CLANG_ENABLE_OBJC_WEAK = YES;
				CLANG_WARN_BLOCK_CAPTURE_AUTORELEASING = YES;
				CLANG_WARN_BOOL_CONVERSION = YES;
				CLANG_WARN_COMMA = YES;
				CLANG_WARN_CONSTANT_CONVERSION = YES;
				CLANG_WARN_DEPRECATED_OBJC_IMPLEMENTATIONS = YES;
				CLANG_WARN_DIRECT_OBJC_ISA_USAGE = YES_ERROR;
				CLANG_WARN_DOCUMENTATION_COMMENTS = YES;
				CLANG_WARN_EMPTY_BODY = YES;
				CLANG_WARN_ENUM_CONVERSION = YES;
				CLANG_WARN_INFINITE_RECURSION = YES;
				CLANG_WARN_INT_CONVERSION = YES;
				CLANG_WARN_NON_LITERAL_NULL_CONVERSION = YES;
				CLANG_WARN_OBJC_IMPLICIT_RETAIN_SELF = YES;
				CLANG_WARN_OBJC_LITERAL_CONVERSION = YES;
				CLANG_WARN_OBJC_ROOT_CLASS = YES_ERROR;
				CLANG_WARN_QUOTED_INCLUDE_IN_FRAMEWORK_HEADER = YES;
				CLANG_WARN_RANGE_LOOP_ANALYSIS = YES;
				CLANG_WARN_STRICT_PROTOTYPES = YES;
				CLANG_WARN_SUSPICIOUS_MOVE = YES;
				CLANG_WARN_UNGUARDED_AVAILABILITY = YES_AGGRESSIVE;
				CLANG_WARN_UNREACHABLE_CODE = YES;
				CLANG_WARN__DUPLICATE_METHOD_MATCH = YES;
				COPY_PHASE_STRIP = NO;
				DEBUG_INFORMATION_FORMAT = "dwarf-with-dsym";
				ENABLE_NS_ASSERTIONS = NO;
				ENABLE_STRICT_OBJC_MSGSEND = YES;
				GCC_C_LANGUAGE_STANDARD = gnu11;
				GCC_NO_COMMON_BLOCKS = YES;
				GCC_WARN_64_TO_32_BIT_CONVERSION = YES;
				GCC_WARN_ABOUT_RETURN_TYPE = YES_ERROR;
				GCC_WARN_UNDECLARED_SELECTOR = YES;
				GCC_WARN_UNINITIALIZED_AUTOS = YES_AGGRESSIVE;
				GCC_WARN_UNUSED_FUNCTION = YES;
				GCC_WARN_UNUSED_VARIABLE = YES;
				IPHONEOS_DEPLOYMENT_TARGET = 16.4;
				MTL_ENABLE_DEBUG_INFO = NO;
				MTL_FAST_MATH = YES;
				SDKROOT = iphoneos;
				SWIFT_COMPILATION_MODE = wholemodule;
				SWIFT_OPTIMIZATION_LEVEL = "-O";
				VALIDATE_PRODUCT = YES;
			};
			name = Release;
		};
		352B74342A26438600F87405 /* Debug */ = {
			isa = XCBuildConfiguration;
			buildSettings = {
				ASSETCATALOG_COMPILER_APPICON_NAME = AppIcon;
				ASSETCATALOG_COMPILER_GLOBAL_ACCENT_COLOR_NAME = AccentColor;
				CODE_SIGN_STYLE = Automatic;
				CURRENT_PROJECT_VERSION = 1;
				GENERATE_INFOPLIST_FILE = YES;
				INFOPLIST_FILE = ProjectOne/Info.plist;
				INFOPLIST_KEY_UIApplicationSupportsIndirectInputEvents = YES;
				INFOPLIST_KEY_UILaunchStoryboardName = LaunchScreen;
				INFOPLIST_KEY_UIMainStoryboardFile = Main;
				INFOPLIST_KEY_UISupportedInterfaceOrientations_iPad = "UIInterfaceOrientationPortrait UIInterfaceOrientationPortraitUpsideDown UIInterfaceOrientationLandscapeLeft UIInterfaceOrientationLandscapeRight";
				INFOPLIST_KEY_UISupportedInterfaceOrientations_iPhone = "UIInterfaceOrientationPortrait UIInterfaceOrientationLandscapeLeft UIInterfaceOrientationLandscapeRight";
				LD_RUNPATH_SEARCH_PATHS = (
					"$(inherited)",
					"@executable_path/Frameworks",
				);
				MARKETING_VERSION = 1.0;
				PRODUCT_BUNDLE_IDENTIFIER = jj.ProjectOne;
				PRODUCT_NAME = "$(TARGET_NAME)";
				SWIFT_EMIT_LOC_STRINGS = YES;
				SWIFT_VERSION = 5.0;
				TARGETED_DEVICE_FAMILY = "1,2";
			};
			name = Debug;
		};
		352B74352A26438600F87405 /* Release */ = {
			isa = XCBuildConfiguration;
			buildSettings = {
				ASSETCATALOG_COMPILER_APPICON_NAME = AppIcon;
				ASSETCATALOG_COMPILER_GLOBAL_ACCENT_COLOR_NAME = AccentColor;
				CODE_SIGN_STYLE = Automatic;
				CURRENT_PROJECT_VERSION = 1;
				GENERATE_INFOPLIST_FILE = YES;
				INFOPLIST_FILE = ProjectOne/Info.plist;
				INFOPLIST_KEY_UIApplicationSupportsIndirectInputEvents = YES;
				INFOPLIST_KEY_UILaunchStoryboardName = LaunchScreen;
				INFOPLIST_KEY_UIMainStoryboardFile = Main;
				INFOPLIST_KEY_UISupportedInterfaceOrientations_iPad = "UIInterfaceOrientationPortrait UIInterfaceOrientationPortraitUpsideDown UIInterfaceOrientationLandscapeLeft UIInterfaceOrientationLandscapeRight";
				INFOPLIST_KEY_UISupportedInterfaceOrientations_iPhone = "UIInterfaceOrientationPortrait UIInterfaceOrientationLandscapeLeft UIInterfaceOrientationLandscapeRight";
				LD_RUNPATH_SEARCH_PATHS = (
					"$(inherited)",
					"@executable_path/Frameworks",
				);
				MARKETING_VERSION = 1.0;
				PRODUCT_BUNDLE_IDENTIFIER = jj.ProjectOne;
				PRODUCT_NAME = "$(TARGET_NAME)";
				SWIFT_EMIT_LOC_STRINGS = YES;
				SWIFT_VERSION = 5.0;
				TARGETED_DEVICE_FAMILY = "1,2";
			};
			name = Release;
		};
		352B74372A26438600F87405 /* Debug */ = {
			isa = XCBuildConfiguration;
			buildSettings = {
				ALWAYS_EMBED_SWIFT_STANDARD_LIBRARIES = YES;
				BUNDLE_LOADER = "$(TEST_HOST)";
				CODE_SIGN_STYLE = Automatic;
				CURRENT_PROJECT_VERSION = 1;
				GENERATE_INFOPLIST_FILE = YES;
				IPHONEOS_DEPLOYMENT_TARGET = 16.4;
				MARKETING_VERSION = 1.0;
				PRODUCT_BUNDLE_IDENTIFIER = jj.ProjectOneTests;
				PRODUCT_NAME = "$(TARGET_NAME)";
				SWIFT_EMIT_LOC_STRINGS = NO;
				SWIFT_VERSION = 5.0;
				TARGETED_DEVICE_FAMILY = "1,2";
				TEST_HOST = "$(BUILT_PRODUCTS_DIR)/ProjectOne.app/$(BUNDLE_EXECUTABLE_FOLDER_PATH)/ProjectOne";
			};
			name = Debug;
		};
		352B74382A26438600F87405 /* Release */ = {
			isa = XCBuildConfiguration;
			buildSettings = {
				ALWAYS_EMBED_SWIFT_STANDARD_LIBRARIES = YES;
				BUNDLE_LOADER = "$(TEST_HOST)";
				CODE_SIGN_STYLE = Automatic;
				CURRENT_PROJECT_VERSION = 1;
				GENERATE_INFOPLIST_FILE = YES;
				IPHONEOS_DEPLOYMENT_TARGET = 16.4;
				MARKETING_VERSION = 1.0;
				PRODUCT_BUNDLE_IDENTIFIER = jj.ProjectOneTests;
				PRODUCT_NAME = "$(TARGET_NAME)";
				SWIFT_EMIT_LOC_STRINGS = NO;
				SWIFT_VERSION = 5.0;
				TARGETED_DEVICE_FAMILY = "1,2";
				TEST_HOST = "$(BUILT_PRODUCTS_DIR)/ProjectOne.app/$(BUNDLE_EXECUTABLE_FOLDER_PATH)/ProjectOne";
			};
			name = Release;
		};
		352B743A2A26438600F87405 /* Debug */ = {
			isa = XCBuildConfiguration;
			buildSettings = {
				ALWAYS_EMBED_SWIFT_STANDARD_LIBRARIES = YES;
				CODE_SIGN_STYLE = Automatic;
				CURRENT_PROJECT_VERSION = 1;
				GENERATE_INFOPLIST_FILE = YES;
				MARKETING_VERSION = 1.0;
				PRODUCT_BUNDLE_IDENTIFIER = jj.ProjectOneUITests;
				PRODUCT_NAME = "$(TARGET_NAME)";
				SWIFT_EMIT_LOC_STRINGS = NO;
				SWIFT_VERSION = 5.0;
				TARGETED_DEVICE_FAMILY = "1,2";
				TEST_TARGET_NAME = ProjectOne;
			};
			name = Debug;
		};
		352B743B2A26438600F87405 /* Release */ = {
			isa = XCBuildConfiguration;
			buildSettings = {
				ALWAYS_EMBED_SWIFT_STANDARD_LIBRARIES = YES;
				CODE_SIGN_STYLE = Automatic;
				CURRENT_PROJECT_VERSION = 1;
				GENERATE_INFOPLIST_FILE = YES;
				MARKETING_VERSION = 1.0;
				PRODUCT_BUNDLE_IDENTIFIER = jj.ProjectOneUITests;
				PRODUCT_NAME = "$(TARGET_NAME)";
				SWIFT_EMIT_LOC_STRINGS = NO;
				SWIFT_VERSION = 5.0;
				TARGETED_DEVICE_FAMILY = "1,2";
				TEST_TARGET_NAME = ProjectOne;
			};
			name = Release;
		};
/* End XCBuildConfiguration section */

/* Begin XCConfigurationList section */
		352B74042A26438500F87405 /* Build configuration list for PBXProject "ProjectOne" */ = {
			isa = XCConfigurationList;
			buildConfigurations = (
				352B74312A26438600F87405 /* Debug */,
				352B74322A26438600F87405 /* Release */,
			);
			defaultConfigurationIsVisible = 0;
			defaultConfigurationName = Release;
		};
		352B74332A26438600F87405 /* Build configuration list for PBXNativeTarget "ProjectOne" */ = {
			isa = XCConfigurationList;
			buildConfigurations = (
				352B74342A26438600F87405 /* Debug */,
				352B74352A26438600F87405 /* Release */,
			);
			defaultConfigurationIsVisible = 0;
			defaultConfigurationName = Release;
		};
		352B74362A26438600F87405 /* Build configuration list for PBXNativeTarget "ProjectOneTests" */ = {
			isa = XCConfigurationList;
			buildConfigurations = (
				352B74372A26438600F87405 /* Debug */,
				352B74382A26438600F87405 /* Release */,
			);
			defaultConfigurationIsVisible = 0;
			defaultConfigurationName = Release;
		};
		352B74392A26438600F87405 /* Build configuration list for PBXNativeTarget "ProjectOneUITests" */ = {
			isa = XCConfigurationList;
			buildConfigurations = (
				352B743A2A26438600F87405 /* Debug */,
				352B743B2A26438600F87405 /* Release */,
			);
			defaultConfigurationIsVisible = 0;
			defaultConfigurationName = Release;
		};
/* End XCConfigurationList section */
	};
	rootObject = 352B74012A26438500F87405 /* Project object */;
}
